// !$*UTF8*$!
{
	archiveVersion = 1;
	classes = {
	};
	objectVersion = 48;
	objects = {

/* Begin PBXBuildFile section */
		F643702C20935C77006DC0F2 /* GLSCamera.hpp in Headers */ = {isa = PBXBuildFile; fileRef = F643701620935C77006DC0F2 /* GLSCamera.hpp */; };
		F643702D20935C77006DC0F2 /* GLSMesh.hpp in Headers */ = {isa = PBXBuildFile; fileRef = F643701720935C77006DC0F2 /* GLSMesh.hpp */; };
		F643702E20935C77006DC0F2 /* GLSNode.hpp in Headers */ = {isa = PBXBuildFile; fileRef = F643701820935C77006DC0F2 /* GLSNode.hpp */; };
		F643702F20935C77006DC0F2 /* GLSScene.hpp in Headers */ = {isa = PBXBuildFile; fileRef = F643701920935C77006DC0F2 /* GLSScene.hpp */; };
		F643703020935C77006DC0F2 /* GLSShader.hpp in Headers */ = {isa = PBXBuildFile; fileRef = F643701A20935C77006DC0F2 /* GLSShader.hpp */; };
		F643703120935C77006DC0F2 /* GLSStructs.h in Headers */ = {isa = PBXBuildFile; fileRef = F643701B20935C77006DC0F2 /* GLSStructs.h */; };
		F643703220935C77006DC0F2 /* GLSTexture.hpp in Headers */ = {isa = PBXBuildFile; fileRef = F643701C20935C77006DC0F2 /* GLSTexture.hpp */; };
		F643703320935C77006DC0F2 /* stb_image.h in Headers */ = {isa = PBXBuildFile; fileRef = F643701D20935C77006DC0F2 /* stb_image.h */; };
		F643703420935C77006DC0F2 /* GLScene.hpp in Headers */ = {isa = PBXBuildFile; fileRef = F643701E20935C77006DC0F2 /* GLScene.hpp */; };
		F643703520935C77006DC0F2 /* GLSMesh.cpp in Sources */ = {isa = PBXBuildFile; fileRef = F643702120935C77006DC0F2 /* GLSMesh.cpp */; };
		F643703620935C77006DC0F2 /* GLSTexture.cpp in Sources */ = {isa = PBXBuildFile; fileRef = F643702220935C77006DC0F2 /* GLSTexture.cpp */; };
		F643703720935C77006DC0F2 /* GLSCamera.cpp in Sources */ = {isa = PBXBuildFile; fileRef = F643702420935C77006DC0F2 /* GLSCamera.cpp */; };
		F643703820935C77006DC0F2 /* GLSNode.cpp in Sources */ = {isa = PBXBuildFile; fileRef = F643702520935C77006DC0F2 /* GLSNode.cpp */; };
		F643703920935C77006DC0F2 /* GLSScene.cpp in Sources */ = {isa = PBXBuildFile; fileRef = F643702620935C77006DC0F2 /* GLSScene.cpp */; };
		F643703A20935C77006DC0F2 /* GLSShader.cpp in Sources */ = {isa = PBXBuildFile; fileRef = F643702820935C77006DC0F2 /* GLSShader.cpp */; };
		F643703B20935C77006DC0F2 /* GLSMath.cpp in Sources */ = {isa = PBXBuildFile; fileRef = F643702A20935C77006DC0F2 /* GLSMath.cpp */; };
		F643703C20935C77006DC0F2 /* GLSStructs.cpp in Sources */ = {isa = PBXBuildFile; fileRef = F643702B20935C77006DC0F2 /* GLSStructs.cpp */; };
		F643703F20935C9F006DC0F2 /* OpenGL.framework in Frameworks */ = {isa = PBXBuildFile; fileRef = F643703E20935C9F006DC0F2 /* OpenGL.framework */; };
/* End PBXBuildFile section */

/* Begin PBXFileReference section */
		F6436FCE20935BA2006DC0F2 /* libGLScene.dylib */ = {isa = PBXFileReference; explicitFileType = "compiled.mach-o.dylib"; includeInIndex = 0; path = libGLScene.dylib; sourceTree = BUILT_PRODUCTS_DIR; };
		F643701620935C77006DC0F2 /* GLSCamera.hpp */ = {isa = PBXFileReference; fileEncoding = 4; lastKnownFileType = sourcecode.cpp.h; path = GLSCamera.hpp; sourceTree = "<group>"; };
		F643701720935C77006DC0F2 /* GLSMesh.hpp */ = {isa = PBXFileReference; fileEncoding = 4; lastKnownFileType = sourcecode.cpp.h; path = GLSMesh.hpp; sourceTree = "<group>"; };
		F643701820935C77006DC0F2 /* GLSNode.hpp */ = {isa = PBXFileReference; fileEncoding = 4; lastKnownFileType = sourcecode.cpp.h; path = GLSNode.hpp; sourceTree = "<group>"; };
		F643701920935C77006DC0F2 /* GLSScene.hpp */ = {isa = PBXFileReference; fileEncoding = 4; lastKnownFileType = sourcecode.cpp.h; path = GLSScene.hpp; sourceTree = "<group>"; };
		F643701A20935C77006DC0F2 /* GLSShader.hpp */ = {isa = PBXFileReference; fileEncoding = 4; lastKnownFileType = sourcecode.cpp.h; path = GLSShader.hpp; sourceTree = "<group>"; };
		F643701B20935C77006DC0F2 /* GLSStructs.h */ = {isa = PBXFileReference; fileEncoding = 4; lastKnownFileType = sourcecode.c.h; path = GLSStructs.h; sourceTree = "<group>"; };
		F643701C20935C77006DC0F2 /* GLSTexture.hpp */ = {isa = PBXFileReference; fileEncoding = 4; lastKnownFileType = sourcecode.cpp.h; path = GLSTexture.hpp; sourceTree = "<group>"; };
		F643701D20935C77006DC0F2 /* stb_image.h */ = {isa = PBXFileReference; fileEncoding = 4; lastKnownFileType = sourcecode.c.h; path = stb_image.h; sourceTree = "<group>"; };
		F643701E20935C77006DC0F2 /* GLScene.hpp */ = {isa = PBXFileReference; fileEncoding = 4; lastKnownFileType = sourcecode.cpp.h; path = GLScene.hpp; sourceTree = "<group>"; };
		F643702120935C77006DC0F2 /* GLSMesh.cpp */ = {isa = PBXFileReference; fileEncoding = 4; lastKnownFileType = sourcecode.cpp.cpp; path = GLSMesh.cpp; sourceTree = "<group>"; };
		F643702220935C77006DC0F2 /* GLSTexture.cpp */ = {isa = PBXFileReference; fileEncoding = 4; lastKnownFileType = sourcecode.cpp.cpp; path = GLSTexture.cpp; sourceTree = "<group>"; };
		F643702420935C77006DC0F2 /* GLSCamera.cpp */ = {isa = PBXFileReference; fileEncoding = 4; lastKnownFileType = sourcecode.cpp.cpp; path = GLSCamera.cpp; sourceTree = "<group>"; };
		F643702520935C77006DC0F2 /* GLSNode.cpp */ = {isa = PBXFileReference; fileEncoding = 4; lastKnownFileType = sourcecode.cpp.cpp; path = GLSNode.cpp; sourceTree = "<group>"; };
		F643702620935C77006DC0F2 /* GLSScene.cpp */ = {isa = PBXFileReference; fileEncoding = 4; lastKnownFileType = sourcecode.cpp.cpp; path = GLSScene.cpp; sourceTree = "<group>"; };
		F643702820935C77006DC0F2 /* GLSShader.cpp */ = {isa = PBXFileReference; fileEncoding = 4; lastKnownFileType = sourcecode.cpp.cpp; path = GLSShader.cpp; sourceTree = "<group>"; };
		F643702A20935C77006DC0F2 /* GLSMath.cpp */ = {isa = PBXFileReference; fileEncoding = 4; lastKnownFileType = sourcecode.cpp.cpp; path = GLSMath.cpp; sourceTree = "<group>"; };
		F643702B20935C77006DC0F2 /* GLSStructs.cpp */ = {isa = PBXFileReference; fileEncoding = 4; lastKnownFileType = sourcecode.cpp.cpp; path = GLSStructs.cpp; sourceTree = "<group>"; };
		F643703E20935C9F006DC0F2 /* OpenGL.framework */ = {isa = PBXFileReference; lastKnownFileType = wrapper.framework; name = OpenGL.framework; path = System/Library/Frameworks/OpenGL.framework; sourceTree = SDKROOT; };
/* End PBXFileReference section */

/* Begin PBXFrameworksBuildPhase section */
		F6436FCB20935BA2006DC0F2 /* Frameworks */ = {
			isa = PBXFrameworksBuildPhase;
			buildActionMask = 2147483647;
			files = (
				F643703F20935C9F006DC0F2 /* OpenGL.framework in Frameworks */,
			);
			runOnlyForDeploymentPostprocessing = 0;
		};
/* End PBXFrameworksBuildPhase section */

/* Begin PBXGroup section */
		F6436FC520935BA2006DC0F2 = {
			isa = PBXGroup;
			children = (
				F643701420935C77006DC0F2 /* includes */,
				F643701F20935C77006DC0F2 /* sources */,
				F6436FCF20935BA2006DC0F2 /* Products */,
				F643703D20935C9F006DC0F2 /* Frameworks */,
			);
			sourceTree = "<group>";
		};
		F6436FCF20935BA2006DC0F2 /* Products */ = {
			isa = PBXGroup;
			children = (
				F6436FCE20935BA2006DC0F2 /* libGLScene.dylib */,
			);
			name = Products;
			sourceTree = "<group>";
		};
		F643701420935C77006DC0F2 /* includes */ = {
			isa = PBXGroup;
			children = (
				F643701520935C77006DC0F2 /* GLScene */,
				F643701E20935C77006DC0F2 /* GLScene.hpp */,
			);
			path = includes;
			sourceTree = "<group>";
		};
		F643701520935C77006DC0F2 /* GLScene */ = {
			isa = PBXGroup;
			children = (
				F643701B20935C77006DC0F2 /* GLSStructs.h */,
				F643701620935C77006DC0F2 /* GLSCamera.hpp */,
				F643701720935C77006DC0F2 /* GLSMesh.hpp */,
				F643701820935C77006DC0F2 /* GLSNode.hpp */,
				F643701920935C77006DC0F2 /* GLSScene.hpp */,
				F643701A20935C77006DC0F2 /* GLSShader.hpp */,
				F643701C20935C77006DC0F2 /* GLSTexture.hpp */,
				F643701D20935C77006DC0F2 /* stb_image.h */,
			);
			path = GLScene;
			sourceTree = "<group>";
		};
		F643701F20935C77006DC0F2 /* sources */ = {
			isa = PBXGroup;
			children = (
				F643702020935C77006DC0F2 /* Mesh */,
				F643702320935C77006DC0F2 /* Node */,
				F643702720935C77006DC0F2 /* Shaders */,
				F643702920935C77006DC0F2 /* Structs */,
			);
			path = sources;
			sourceTree = "<group>";
		};
		F643702020935C77006DC0F2 /* Mesh */ = {
			isa = PBXGroup;
			children = (
				F643702120935C77006DC0F2 /* GLSMesh.cpp */,
				F643702220935C77006DC0F2 /* GLSTexture.cpp */,
			);
			path = Mesh;
			sourceTree = "<group>";
		};
		F643702320935C77006DC0F2 /* Node */ = {
			isa = PBXGroup;
			children = (
				F643702420935C77006DC0F2 /* GLSCamera.cpp */,
				F643702520935C77006DC0F2 /* GLSNode.cpp */,
				F643702620935C77006DC0F2 /* GLSScene.cpp */,
			);
			path = Node;
			sourceTree = "<group>";
		};
		F643702720935C77006DC0F2 /* Shaders */ = {
			isa = PBXGroup;
			children = (
				F643702820935C77006DC0F2 /* GLSShader.cpp */,
			);
			path = Shaders;
			sourceTree = "<group>";
		};
		F643702920935C77006DC0F2 /* Structs */ = {
			isa = PBXGroup;
			children = (
				F643702A20935C77006DC0F2 /* GLSMath.cpp */,
				F643702B20935C77006DC0F2 /* GLSStructs.cpp */,
			);
			path = Structs;
			sourceTree = "<group>";
		};
		F643703D20935C9F006DC0F2 /* Frameworks */ = {
			isa = PBXGroup;
			children = (
				F643703E20935C9F006DC0F2 /* OpenGL.framework */,
			);
			name = Frameworks;
			sourceTree = "<group>";
		};
/* End PBXGroup section */

/* Begin PBXHeadersBuildPhase section */
		F6436FCC20935BA2006DC0F2 /* Headers */ = {
			isa = PBXHeadersBuildPhase;
			buildActionMask = 2147483647;
			files = (
				F643702D20935C77006DC0F2 /* GLSMesh.hpp in Headers */,
				F643702E20935C77006DC0F2 /* GLSNode.hpp in Headers */,
				F643702F20935C77006DC0F2 /* GLSScene.hpp in Headers */,
				F643702C20935C77006DC0F2 /* GLSCamera.hpp in Headers */,
				F643703320935C77006DC0F2 /* stb_image.h in Headers */,
				F643703420935C77006DC0F2 /* GLScene.hpp in Headers */,
				F643703120935C77006DC0F2 /* GLSStructs.h in Headers */,
				F643703020935C77006DC0F2 /* GLSShader.hpp in Headers */,
				F643703220935C77006DC0F2 /* GLSTexture.hpp in Headers */,
			);
			runOnlyForDeploymentPostprocessing = 0;
		};
/* End PBXHeadersBuildPhase section */

/* Begin PBXNativeTarget section */
		F6436FCD20935BA2006DC0F2 /* GLScene */ = {
			isa = PBXNativeTarget;
			buildConfigurationList = F6436FD920935BA3006DC0F2 /* Build configuration list for PBXNativeTarget "GLScene" */;
			buildPhases = (
				F6436FCA20935BA2006DC0F2 /* Sources */,
				F6436FCB20935BA2006DC0F2 /* Frameworks */,
				F6436FCC20935BA2006DC0F2 /* Headers */,
			);
			buildRules = (
			);
			dependencies = (
			);
			name = GLScene;
			productName = GLScene;
			productReference = F6436FCE20935BA2006DC0F2 /* libGLScene.dylib */;
			productType = "com.apple.product-type.library.dynamic";
		};
/* End PBXNativeTarget section */

/* Begin PBXProject section */
		F6436FC620935BA2006DC0F2 /* Project object */ = {
			isa = PBXProject;
			attributes = {
				LastUpgradeCheck = 0920;
				ORGANIZATIONNAME = "Arthur MASSON";
				TargetAttributes = {
					F6436FCD20935BA2006DC0F2 = {
						CreatedOnToolsVersion = 9.2;
						ProvisioningStyle = Automatic;
					};
				};
			};
			buildConfigurationList = F6436FC920935BA2006DC0F2 /* Build configuration list for PBXProject "GLScene" */;
			compatibilityVersion = "Xcode 8.0";
			developmentRegion = en;
			hasScannedForEncodings = 0;
			knownRegions = (
				en,
			);
			mainGroup = F6436FC520935BA2006DC0F2;
			productRefGroup = F6436FCF20935BA2006DC0F2 /* Products */;
			projectDirPath = "";
			projectRoot = "";
			targets = (
				F6436FCD20935BA2006DC0F2 /* GLScene */,
			);
		};
/* End PBXProject section */

/* Begin PBXSourcesBuildPhase section */
		F6436FCA20935BA2006DC0F2 /* Sources */ = {
			isa = PBXSourcesBuildPhase;
			buildActionMask = 2147483647;
			files = (
				F643703820935C77006DC0F2 /* GLSNode.cpp in Sources */,
				F643703A20935C77006DC0F2 /* GLSShader.cpp in Sources */,
				F643703B20935C77006DC0F2 /* GLSMath.cpp in Sources */,
				F643703620935C77006DC0F2 /* GLSTexture.cpp in Sources */,
				F643703920935C77006DC0F2 /* GLSScene.cpp in Sources */,
				F643703C20935C77006DC0F2 /* GLSStructs.cpp in Sources */,
				F643703520935C77006DC0F2 /* GLSMesh.cpp in Sources */,
				F643703720935C77006DC0F2 /* GLSCamera.cpp in Sources */,
			);
			runOnlyForDeploymentPostprocessing = 0;
		};
/* End PBXSourcesBuildPhase section */

/* Begin XCBuildConfiguration section */
		F6436FD720935BA3006DC0F2 /* Debug */ = {
			isa = XCBuildConfiguration;
			buildSettings = {
				ALWAYS_SEARCH_USER_PATHS = NO;
				CLANG_ANALYZER_NONNULL = YES;
				CLANG_ANALYZER_NUMBER_OBJECT_CONVERSION = YES_AGGRESSIVE;
				CLANG_CXX_LANGUAGE_STANDARD = "gnu++14";
				CLANG_CXX_LIBRARY = "libc++";
				CLANG_ENABLE_MODULES = YES;
				CLANG_ENABLE_OBJC_ARC = YES;
				CLANG_WARN_BLOCK_CAPTURE_AUTORELEASING = YES;
				CLANG_WARN_BOOL_CONVERSION = YES;
				CLANG_WARN_COMMA = YES;
				CLANG_WARN_CONSTANT_CONVERSION = YES;
				CLANG_WARN_DIRECT_OBJC_ISA_USAGE = YES_ERROR;
				CLANG_WARN_DOCUMENTATION_COMMENTS = YES;
				CLANG_WARN_EMPTY_BODY = YES;
				CLANG_WARN_ENUM_CONVERSION = YES;
				CLANG_WARN_INFINITE_RECURSION = YES;
				CLANG_WARN_INT_CONVERSION = YES;
				CLANG_WARN_NON_LITERAL_NULL_CONVERSION = YES;
				CLANG_WARN_OBJC_LITERAL_CONVERSION = YES;
				CLANG_WARN_OBJC_ROOT_CLASS = YES_ERROR;
				CLANG_WARN_RANGE_LOOP_ANALYSIS = YES;
				CLANG_WARN_STRICT_PROTOTYPES = YES;
				CLANG_WARN_SUSPICIOUS_MOVE = YES;
				CLANG_WARN_UNGUARDED_AVAILABILITY = YES_AGGRESSIVE;
				CLANG_WARN_UNREACHABLE_CODE = YES;
				CLANG_WARN__DUPLICATE_METHOD_MATCH = YES;
				CODE_SIGN_IDENTITY = "-";
				COPY_PHASE_STRIP = NO;
				DEBUG_INFORMATION_FORMAT = dwarf;
				ENABLE_STRICT_OBJC_MSGSEND = YES;
				ENABLE_TESTABILITY = YES;
				GCC_C_LANGUAGE_STANDARD = gnu11;
				GCC_DYNAMIC_NO_PIC = NO;
				GCC_NO_COMMON_BLOCKS = YES;
				GCC_OPTIMIZATION_LEVEL = 0;
				GCC_PREPROCESSOR_DEFINITIONS = (
					"DEBUG=1",
					"$(inherited)",
				);
				GCC_WARN_64_TO_32_BIT_CONVERSION = YES;
				GCC_WARN_ABOUT_RETURN_TYPE = YES_ERROR;
				GCC_WARN_UNDECLARED_SELECTOR = YES;
				GCC_WARN_UNINITIALIZED_AUTOS = YES_AGGRESSIVE;
				GCC_WARN_UNUSED_FUNCTION = YES;
				GCC_WARN_UNUSED_VARIABLE = YES;
				MACOSX_DEPLOYMENT_TARGET = 10.12;
				MTL_ENABLE_DEBUG_INFO = YES;
				ONLY_ACTIVE_ARCH = YES;
				SDKROOT = macosx;
			};
			name = Debug;
		};
		F6436FD820935BA3006DC0F2 /* Release */ = {
			isa = XCBuildConfiguration;
			buildSettings = {
				ALWAYS_SEARCH_USER_PATHS = NO;
				CLANG_ANALYZER_NONNULL = YES;
				CLANG_ANALYZER_NUMBER_OBJECT_CONVERSION = YES_AGGRESSIVE;
				CLANG_CXX_LANGUAGE_STANDARD = "gnu++14";
				CLANG_CXX_LIBRARY = "libc++";
				CLANG_ENABLE_MODULES = YES;
				CLANG_ENABLE_OBJC_ARC = YES;
				CLANG_WARN_BLOCK_CAPTURE_AUTORELEASING = YES;
				CLANG_WARN_BOOL_CONVERSION = YES;
				CLANG_WARN_COMMA = YES;
				CLANG_WARN_CONSTANT_CONVERSION = YES;
				CLANG_WARN_DIRECT_OBJC_ISA_USAGE = YES_ERROR;
				CLANG_WARN_DOCUMENTATION_COMMENTS = YES;
				CLANG_WARN_EMPTY_BODY = YES;
				CLANG_WARN_ENUM_CONVERSION = YES;
				CLANG_WARN_INFINITE_RECURSION = YES;
				CLANG_WARN_INT_CONVERSION = YES;
				CLANG_WARN_NON_LITERAL_NULL_CONVERSION = YES;
				CLANG_WARN_OBJC_LITERAL_CONVERSION = YES;
				CLANG_WARN_OBJC_ROOT_CLASS = YES_ERROR;
				CLANG_WARN_RANGE_LOOP_ANALYSIS = YES;
				CLANG_WARN_STRICT_PROTOTYPES = YES;
				CLANG_WARN_SUSPICIOUS_MOVE = YES;
				CLANG_WARN_UNGUARDED_AVAILABILITY = YES_AGGRESSIVE;
				CLANG_WARN_UNREACHABLE_CODE = YES;
				CLANG_WARN__DUPLICATE_METHOD_MATCH = YES;
				CODE_SIGN_IDENTITY = "-";
				COPY_PHASE_STRIP = NO;
				DEBUG_INFORMATION_FORMAT = "dwarf-with-dsym";
				ENABLE_NS_ASSERTIONS = NO;
				ENABLE_STRICT_OBJC_MSGSEND = YES;
				GCC_C_LANGUAGE_STANDARD = gnu11;
				GCC_NO_COMMON_BLOCKS = YES;
				GCC_WARN_64_TO_32_BIT_CONVERSION = YES;
				GCC_WARN_ABOUT_RETURN_TYPE = YES_ERROR;
				GCC_WARN_UNDECLARED_SELECTOR = YES;
				GCC_WARN_UNINITIALIZED_AUTOS = YES_AGGRESSIVE;
				GCC_WARN_UNUSED_FUNCTION = YES;
				GCC_WARN_UNUSED_VARIABLE = YES;
				MACOSX_DEPLOYMENT_TARGET = 10.12;
				MTL_ENABLE_DEBUG_INFO = NO;
				SDKROOT = macosx;
			};
			name = Release;
		};
		F6436FDA20935BA3006DC0F2 /* Debug */ = {
			isa = XCBuildConfiguration;
			buildSettings = {
				CODE_SIGN_STYLE = Automatic;
				DYLIB_COMPATIBILITY_VERSION = 1;
				DYLIB_CURRENT_VERSION = 1;
				EXECUTABLE_PREFIX = lib;
				GCC_ENABLE_CPP_EXCEPTIONS = YES;
				GCC_ENABLE_CPP_RTTI = YES;
				GCC_SYMBOLS_PRIVATE_EXTERN = YES;
				PRODUCT_NAME = "$(TARGET_NAME)";
			};
			name = Debug;
		};
		F6436FDB20935BA3006DC0F2 /* Release */ = {
			isa = XCBuildConfiguration;
			buildSettings = {
				CODE_SIGN_STYLE = Automatic;
				DYLIB_COMPATIBILITY_VERSION = 1;
				DYLIB_CURRENT_VERSION = 1;
				EXECUTABLE_PREFIX = lib;
				GCC_ENABLE_CPP_EXCEPTIONS = YES;
				GCC_ENABLE_CPP_RTTI = YES;
				GCC_SYMBOLS_PRIVATE_EXTERN = YES;
				PRODUCT_NAME = "$(TARGET_NAME)";
			};
			name = Release;
		};
/* End XCBuildConfiguration section */

/* Begin XCConfigurationList section */
		F6436FC920935BA2006DC0F2 /* Build configuration list for PBXProject "GLScene" */ = {
			isa = XCConfigurationList;
			buildConfigurations = (
				F6436FD720935BA3006DC0F2 /* Debug */,
				F6436FD820935BA3006DC0F2 /* Release */,
			);
			defaultConfigurationIsVisible = 0;
			defaultConfigurationName = Release;
		};
		F6436FD920935BA3006DC0F2 /* Build configuration list for PBXNativeTarget "GLScene" */ = {
			isa = XCConfigurationList;
			buildConfigurations = (
				F6436FDA20935BA3006DC0F2 /* Debug */,
				F6436FDB20935BA3006DC0F2 /* Release */,
			);
			defaultConfigurationIsVisible = 0;
			defaultConfigurationName = Release;
		};
/* End XCConfigurationList section */
	};
	rootObject = F6436FC620935BA2006DC0F2 /* Project object */;
}
